
Microsoft Visual Studio Solution File, Format Version 12.00
# Visual Studio Version 17
VisualStudioVersion = 17.7.34009.444
MinimumVisualStudioVersion = 10.0.40219.1
Project("{FAE04EC0-301F-11D3-BF4B-00C04F79EFBC}") = "WebMotos_API", "WebMotos_API\WebMotos_API.csproj", "{5001BBC7-A502-4E71-9EA3-15E9A94CE1F7}"
EndProject
Global
	GlobalSection(SolutionConfigurationPlatforms) = preSolution
		Debug|Any CPU = Debug|Any CPU
		Release|Any CPU = Release|Any CPU
	EndGlobalSection
	GlobalSection(ProjectConfigurationPlatforms) = postSolution
		{5001BBC7-A502-4E71-9EA3-15E9A94CE1F7}.Debug|Any CPU.ActiveCfg = Debug|Any CPU
		{5001BBC7-A502-4E71-9EA3-15E9A94CE1F7}.Debug|Any CPU.Build.0 = Debug|Any CPU
		{5001BBC7-A502-4E71-9EA3-15E9A94CE1F7}.Release|Any CPU.ActiveCfg = Release|Any CPU
		{5001BBC7-A502-4E71-9EA3-15E9A94CE1F7}.Release|Any CPU.Build.0 = Release|Any CPU
	EndGlobalSection
	GlobalSection(SolutionProperties) = preSolution
		HideSolutionNode = FALSE
	EndGlobalSection
	GlobalSection(ExtensibilityGlobals) = postSolution
		SolutionGuid = {220C6B30-7574-4E36-B2DE-24216ACCC161}
	EndGlobalSection
EndGlobal
